// !$*UTF8*$!
{
	archiveVersion = 1;
	classes = {
	};
	objectVersion = 46;
	objects = {

/* Begin PBXBuildFile section */
		619947B418E745CA00991D0E /* Foundation.framework in Frameworks */ = {isa = PBXBuildFile; fileRef = 619947B318E745CA00991D0E /* Foundation.framework */; };
		619947B618E745CA00991D0E /* CoreGraphics.framework in Frameworks */ = {isa = PBXBuildFile; fileRef = 619947B518E745CA00991D0E /* CoreGraphics.framework */; };
		619947B818E745CA00991D0E /* UIKit.framework in Frameworks */ = {isa = PBXBuildFile; fileRef = 619947B718E745CA00991D0E /* UIKit.framework */; };
		619947BE18E745CA00991D0E /* InfoPlist.strings in Resources */ = {isa = PBXBuildFile; fileRef = 619947BC18E745CA00991D0E /* InfoPlist.strings */; };
		619947C018E745CA00991D0E /* main.m in Sources */ = {isa = PBXBuildFile; fileRef = 619947BF18E745CA00991D0E /* main.m */; };
		619947C418E745CA00991D0E /* AppDelegate.m in Sources */ = {isa = PBXBuildFile; fileRef = 619947C318E745CA00991D0E /* AppDelegate.m */; };
		619947C618E745CA00991D0E /* Images.xcassets in Resources */ = {isa = PBXBuildFile; fileRef = 619947C518E745CA00991D0E /* Images.xcassets */; };
		619947CD18E745CA00991D0E /* XCTest.framework in Frameworks */ = {isa = PBXBuildFile; fileRef = 619947CC18E745CA00991D0E /* XCTest.framework */; };
		619947CE18E745CA00991D0E /* Foundation.framework in Frameworks */ = {isa = PBXBuildFile; fileRef = 619947B318E745CA00991D0E /* Foundation.framework */; };
		619947CF18E745CA00991D0E /* UIKit.framework in Frameworks */ = {isa = PBXBuildFile; fileRef = 619947B718E745CA00991D0E /* UIKit.framework */; };
		619947D718E745CA00991D0E /* InfoPlist.strings in Resources */ = {isa = PBXBuildFile; fileRef = 619947D518E745CA00991D0E /* InfoPlist.strings */; };
		619947D918E745CA00991D0E /* JS_Exports_testTests.m in Sources */ = {isa = PBXBuildFile; fileRef = 619947D818E745CA00991D0E /* JS_Exports_testTests.m */; };
		619947E318E745D200991D0E /* JavaScriptCore.framework in Frameworks */ = {isa = PBXBuildFile; fileRef = 619947E218E745D200991D0E /* JavaScriptCore.framework */; };
		619947E618E7477700991D0E /* Person.m in Sources */ = {isa = PBXBuildFile; fileRef = 619947E518E7477700991D0E /* Person.m */; };
		619947E818E7498E00991D0E /* script.js in Resources */ = {isa = PBXBuildFile; fileRef = 619947E718E7498E00991D0E /* script.js */; };
		619947EC18E74AF100991D0E /* RootViewController.m in Sources */ = {isa = PBXBuildFile; fileRef = 619947EA18E74AF100991D0E /* RootViewController.m */; };
		619947ED18E74AF100991D0E /* RootViewController.xib in Resources */ = {isa = PBXBuildFile; fileRef = 619947EB18E74AF100991D0E /* RootViewController.xib */; };
		619947F018E7D47200991D0E /* AppContext.m in Sources */ = {isa = PBXBuildFile; fileRef = 619947EF18E7D47200991D0E /* AppContext.m */; };
		619947F618E7E34400991D0E /* View.m in Sources */ = {isa = PBXBuildFile; fileRef = 619947F518E7E34400991D0E /* View.m */; };
		619947F818E7E43000991D0E /* ui.js in Resources */ = {isa = PBXBuildFile; fileRef = 619947F718E7E43000991D0E /* ui.js */; };
/* End PBXBuildFile section */

/* Begin PBXContainerItemProxy section */
		619947D018E745CA00991D0E /* PBXContainerItemProxy */ = {
			isa = PBXContainerItemProxy;
			containerPortal = 619947A818E745CA00991D0E /* Project object */;
			proxyType = 1;
			remoteGlobalIDString = 619947AF18E745CA00991D0E;
			remoteInfo = "JS-Exports-test";
		};
/* End PBXContainerItemProxy section */

/* Begin PBXFileReference section */
		619947B018E745CA00991D0E /* JS-Exports-test.app */ = {isa = PBXFileReference; explicitFileType = wrapper.application; includeInIndex = 0; path = "JS-Exports-test.app"; sourceTree = BUILT_PRODUCTS_DIR; };
		619947B318E745CA00991D0E /* Foundation.framework */ = {isa = PBXFileReference; lastKnownFileType = wrapper.framework; name = Foundation.framework; path = System/Library/Frameworks/Foundation.framework; sourceTree = SDKROOT; };
		619947B518E745CA00991D0E /* CoreGraphics.framework */ = {isa = PBXFileReference; lastKnownFileType = wrapper.framework; name = CoreGraphics.framework; path = System/Library/Frameworks/CoreGraphics.framework; sourceTree = SDKROOT; };
		619947B718E745CA00991D0E /* UIKit.framework */ = {isa = PBXFileReference; lastKnownFileType = wrapper.framework; name = UIKit.framework; path = System/Library/Frameworks/UIKit.framework; sourceTree = SDKROOT; };
		619947BB18E745CA00991D0E /* JS-Exports-test-Info.plist */ = {isa = PBXFileReference; lastKnownFileType = text.plist.xml; path = "JS-Exports-test-Info.plist"; sourceTree = "<group>"; };
		619947BD18E745CA00991D0E /* en */ = {isa = PBXFileReference; lastKnownFileType = text.plist.strings; name = en; path = en.lproj/InfoPlist.strings; sourceTree = "<group>"; };
		619947BF18E745CA00991D0E /* main.m */ = {isa = PBXFileReference; lastKnownFileType = sourcecode.c.objc; path = main.m; sourceTree = "<group>"; };
		619947C118E745CA00991D0E /* JS-Exports-test-Prefix.pch */ = {isa = PBXFileReference; lastKnownFileType = sourcecode.c.h; path = "JS-Exports-test-Prefix.pch"; sourceTree = "<group>"; };
		619947C218E745CA00991D0E /* AppDelegate.h */ = {isa = PBXFileReference; lastKnownFileType = sourcecode.c.h; path = AppDelegate.h; sourceTree = "<group>"; };
		619947C318E745CA00991D0E /* AppDelegate.m */ = {isa = PBXFileReference; lastKnownFileType = sourcecode.c.objc; path = AppDelegate.m; sourceTree = "<group>"; };
		619947C518E745CA00991D0E /* Images.xcassets */ = {isa = PBXFileReference; lastKnownFileType = folder.assetcatalog; path = Images.xcassets; sourceTree = "<group>"; };
		619947CB18E745CA00991D0E /* JS-Exports-testTests.xctest */ = {isa = PBXFileReference; explicitFileType = wrapper.cfbundle; includeInIndex = 0; path = "JS-Exports-testTests.xctest"; sourceTree = BUILT_PRODUCTS_DIR; };
		619947CC18E745CA00991D0E /* XCTest.framework */ = {isa = PBXFileReference; lastKnownFileType = wrapper.framework; name = XCTest.framework; path = Library/Frameworks/XCTest.framework; sourceTree = DEVELOPER_DIR; };
		619947D418E745CA00991D0E /* JS-Exports-testTests-Info.plist */ = {isa = PBXFileReference; lastKnownFileType = text.plist.xml; path = "JS-Exports-testTests-Info.plist"; sourceTree = "<group>"; };
		619947D618E745CA00991D0E /* en */ = {isa = PBXFileReference; lastKnownFileType = text.plist.strings; name = en; path = en.lproj/InfoPlist.strings; sourceTree = "<group>"; };
		619947D818E745CA00991D0E /* JS_Exports_testTests.m */ = {isa = PBXFileReference; lastKnownFileType = sourcecode.c.objc; path = JS_Exports_testTests.m; sourceTree = "<group>"; };
		619947E218E745D200991D0E /* JavaScriptCore.framework */ = {isa = PBXFileReference; lastKnownFileType = wrapper.framework; name = JavaScriptCore.framework; path = System/Library/Frameworks/JavaScriptCore.framework; sourceTree = SDKROOT; };
		619947E418E7477700991D0E /* Person.h */ = {isa = PBXFileReference; fileEncoding = 4; lastKnownFileType = sourcecode.c.h; path = Person.h; sourceTree = "<group>"; };
		619947E518E7477700991D0E /* Person.m */ = {isa = PBXFileReference; fileEncoding = 4; lastKnownFileType = sourcecode.c.objc; path = Person.m; sourceTree = "<group>"; };
		619947E718E7498E00991D0E /* script.js */ = {isa = PBXFileReference; fileEncoding = 4; lastKnownFileType = sourcecode.javascript; path = script.js; sourceTree = "<group>"; };
		619947E918E74AF100991D0E /* RootViewController.h */ = {isa = PBXFileReference; fileEncoding = 4; lastKnownFileType = sourcecode.c.h; path = RootViewController.h; sourceTree = "<group>"; };
		619947EA18E74AF100991D0E /* RootViewController.m */ = {isa = PBXFileReference; fileEncoding = 4; lastKnownFileType = sourcecode.c.objc; path = RootViewController.m; sourceTree = "<group>"; };
		619947EB18E74AF100991D0E /* RootViewController.xib */ = {isa = PBXFileReference; fileEncoding = 4; lastKnownFileType = file.xib; path = RootViewController.xib; sourceTree = "<group>"; };
		619947EE18E7D47200991D0E /* AppContext.h */ = {isa = PBXFileReference; fileEncoding = 4; lastKnownFileType = sourcecode.c.h; path = AppContext.h; sourceTree = "<group>"; };
		619947EF18E7D47200991D0E /* AppContext.m */ = {isa = PBXFileReference; fileEncoding = 4; lastKnownFileType = sourcecode.c.objc; path = AppContext.m; sourceTree = "<group>"; };
		619947F418E7E34400991D0E /* View.h */ = {isa = PBXFileReference; fileEncoding = 4; lastKnownFileType = sourcecode.c.h; path = View.h; sourceTree = "<group>"; };
		619947F518E7E34400991D0E /* View.m */ = {isa = PBXFileReference; fileEncoding = 4; lastKnownFileType = sourcecode.c.objc; path = View.m; sourceTree = "<group>"; };
		619947F718E7E43000991D0E /* ui.js */ = {isa = PBXFileReference; fileEncoding = 4; lastKnownFileType = sourcecode.javascript; path = ui.js; sourceTree = "<group>"; };
/* End PBXFileReference section */

/* Begin PBXFrameworksBuildPhase section */
		619947AD18E745CA00991D0E /* Frameworks */ = {
			isa = PBXFrameworksBuildPhase;
			buildActionMask = 2147483647;
			files = (
				619947E318E745D200991D0E /* JavaScriptCore.framework in Frameworks */,
				619947B618E745CA00991D0E /* CoreGraphics.framework in Frameworks */,
				619947B818E745CA00991D0E /* UIKit.framework in Frameworks */,
				619947B418E745CA00991D0E /* Foundation.framework in Frameworks */,
			);
			runOnlyForDeploymentPostprocessing = 0;
		};
		619947C818E745CA00991D0E /* Frameworks */ = {
			isa = PBXFrameworksBuildPhase;
			buildActionMask = 2147483647;
			files = (
				619947CD18E745CA00991D0E /* XCTest.framework in Frameworks */,
				619947CF18E745CA00991D0E /* UIKit.framework in Frameworks */,
				619947CE18E745CA00991D0E /* Foundation.framework in Frameworks */,
			);
			runOnlyForDeploymentPostprocessing = 0;
		};
/* End PBXFrameworksBuildPhase section */

/* Begin PBXGroup section */
		619947A718E745CA00991D0E = {
			isa = PBXGroup;
			children = (
				619947B918E745CA00991D0E /* JS-Exports-test */,
				619947D218E745CA00991D0E /* JS-Exports-testTests */,
				619947B218E745CA00991D0E /* Frameworks */,
				619947B118E745CA00991D0E /* Products */,
			);
			sourceTree = "<group>";
		};
		619947B118E745CA00991D0E /* Products */ = {
			isa = PBXGroup;
			children = (
				619947B018E745CA00991D0E /* JS-Exports-test.app */,
				619947CB18E745CA00991D0E /* JS-Exports-testTests.xctest */,
			);
			name = Products;
			sourceTree = "<group>";
		};
		619947B218E745CA00991D0E /* Frameworks */ = {
			isa = PBXGroup;
			children = (
				619947E218E745D200991D0E /* JavaScriptCore.framework */,
				619947B318E745CA00991D0E /* Foundation.framework */,
				619947B518E745CA00991D0E /* CoreGraphics.framework */,
				619947B718E745CA00991D0E /* UIKit.framework */,
				619947CC18E745CA00991D0E /* XCTest.framework */,
			);
			name = Frameworks;
			sourceTree = "<group>";
		};
		619947B918E745CA00991D0E /* JS-Exports-test */ = {
			isa = PBXGroup;
			children = (
				619947E718E7498E00991D0E /* script.js */,
				619947F718E7E43000991D0E /* ui.js */,
				619947C218E745CA00991D0E /* AppDelegate.h */,
				619947C318E745CA00991D0E /* AppDelegate.m */,
				619947EE18E7D47200991D0E /* AppContext.h */,
				619947EF18E7D47200991D0E /* AppContext.m */,
				619947E418E7477700991D0E /* Person.h */,
				619947E518E7477700991D0E /* Person.m */,
				619947E918E74AF100991D0E /* RootViewController.h */,
				619947EA18E74AF100991D0E /* RootViewController.m */,
				619947F418E7E34400991D0E /* View.h */,
				619947F518E7E34400991D0E /* View.m */,
				619947EB18E74AF100991D0E /* RootViewController.xib */,
				619947C518E745CA00991D0E /* Images.xcassets */,
				619947BA18E745CA00991D0E /* Supporting Files */,
			);
			path = "JS-Exports-test";
			sourceTree = "<group>";
		};
		619947BA18E745CA00991D0E /* Supporting Files */ = {
			isa = PBXGroup;
			children = (
				619947BB18E745CA00991D0E /* JS-Exports-test-Info.plist */,
				619947BC18E745CA00991D0E /* InfoPlist.strings */,
				619947BF18E745CA00991D0E /* main.m */,
				619947C118E745CA00991D0E /* JS-Exports-test-Prefix.pch */,
			);
			name = "Supporting Files";
			sourceTree = "<group>";
		};
		619947D218E745CA00991D0E /* JS-Exports-testTests */ = {
			isa = PBXGroup;
			children = (
				619947D818E745CA00991D0E /* JS_Exports_testTests.m */,
				619947D318E745CA00991D0E /* Supporting Files */,
			);
			path = "JS-Exports-testTests";
			sourceTree = "<group>";
		};
		619947D318E745CA00991D0E /* Supporting Files */ = {
			isa = PBXGroup;
			children = (
				619947D418E745CA00991D0E /* JS-Exports-testTests-Info.plist */,
				619947D518E745CA00991D0E /* InfoPlist.strings */,
			);
			name = "Supporting Files";
			sourceTree = "<group>";
		};
/* End PBXGroup section */

/* Begin PBXNativeTarget section */
		619947AF18E745CA00991D0E /* JS-Exports-test */ = {
			isa = PBXNativeTarget;
			buildConfigurationList = 619947DC18E745CA00991D0E /* Build configuration list for PBXNativeTarget "JS-Exports-test" */;
			buildPhases = (
				619947AC18E745CA00991D0E /* Sources */,
				619947AD18E745CA00991D0E /* Frameworks */,
				619947AE18E745CA00991D0E /* Resources */,
			);
			buildRules = (
			);
			dependencies = (
			);
			name = "JS-Exports-test";
			productName = "JS-Exports-test";
			productReference = 619947B018E745CA00991D0E /* JS-Exports-test.app */;
			productType = "com.apple.product-type.application";
		};
		619947CA18E745CA00991D0E /* JS-Exports-testTests */ = {
			isa = PBXNativeTarget;
			buildConfigurationList = 619947DF18E745CA00991D0E /* Build configuration list for PBXNativeTarget "JS-Exports-testTests" */;
			buildPhases = (
				619947C718E745CA00991D0E /* Sources */,
				619947C818E745CA00991D0E /* Frameworks */,
				619947C918E745CA00991D0E /* Resources */,
			);
			buildRules = (
			);
			dependencies = (
				619947D118E745CA00991D0E /* PBXTargetDependency */,
			);
			name = "JS-Exports-testTests";
			productName = "JS-Exports-testTests";
			productReference = 619947CB18E745CA00991D0E /* JS-Exports-testTests.xctest */;
			productType = "com.apple.product-type.bundle.unit-test";
		};
/* End PBXNativeTarget section */

/* Begin PBXProject section */
		619947A818E745CA00991D0E /* Project object */ = {
			isa = PBXProject;
			attributes = {
				LastUpgradeCheck = 0510;
				ORGANIZATIONNAME = Razorthink;
				TargetAttributes = {
					619947CA18E745CA00991D0E = {
						TestTargetID = 619947AF18E745CA00991D0E;
					};
				};
			};
			buildConfigurationList = 619947AB18E745CA00991D0E /* Build configuration list for PBXProject "JS-Exports-test" */;
			compatibilityVersion = "Xcode 3.2";
			developmentRegion = English;
			hasScannedForEncodings = 0;
			knownRegions = (
				en,
			);
			mainGroup = 619947A718E745CA00991D0E;
			productRefGroup = 619947B118E745CA00991D0E /* Products */;
			projectDirPath = "";
			projectRoot = "";
			targets = (
				619947AF18E745CA00991D0E /* JS-Exports-test */,
				619947CA18E745CA00991D0E /* JS-Exports-testTests */,
			);
		};
/* End PBXProject section */

/* Begin PBXResourcesBuildPhase section */
		619947AE18E745CA00991D0E /* Resources */ = {
			isa = PBXResourcesBuildPhase;
			buildActionMask = 2147483647;
			files = (
				619947BE18E745CA00991D0E /* InfoPlist.strings in Resources */,
				619947C618E745CA00991D0E /* Images.xcassets in Resources */,
				619947ED18E74AF100991D0E /* RootViewController.xib in Resources */,
				619947E818E7498E00991D0E /* script.js in Resources */,
				619947F818E7E43000991D0E /* ui.js in Resources */,
			);
			runOnlyForDeploymentPostprocessing = 0;
		};
		619947C918E745CA00991D0E /* Resources */ = {
			isa = PBXResourcesBuildPhase;
			buildActionMask = 2147483647;
			files = (
				619947D718E745CA00991D0E /* InfoPlist.strings in Resources */,
			);
			runOnlyForDeploymentPostprocessing = 0;
		};
/* End PBXResourcesBuildPhase section */

/* Begin PBXSourcesBuildPhase section */
		619947AC18E745CA00991D0E /* Sources */ = {
			isa = PBXSourcesBuildPhase;
			buildActionMask = 2147483647;
			files = (
				619947E618E7477700991D0E /* Person.m in Sources */,
				619947F018E7D47200991D0E /* AppContext.m in Sources */,
				619947F618E7E34400991D0E /* View.m in Sources */,
				619947C418E745CA00991D0E /* AppDelegate.m in Sources */,
				619947EC18E74AF100991D0E /* RootViewController.m in Sources */,
				619947C018E745CA00991D0E /* main.m in Sources */,
			);
			runOnlyForDeploymentPostprocessing = 0;
		};
		619947C718E745CA00991D0E /* Sources */ = {
			isa = PBXSourcesBuildPhase;
			buildActionMask = 2147483647;
			files = (
				619947D918E745CA00991D0E /* JS_Exports_testTests.m in Sources */,
			);
			runOnlyForDeploymentPostprocessing = 0;
		};
/* End PBXSourcesBuildPhase section */

/* Begin PBXTargetDependency section */
		619947D118E745CA00991D0E /* PBXTargetDependency */ = {
			isa = PBXTargetDependency;
			target = 619947AF18E745CA00991D0E /* JS-Exports-test */;
			targetProxy = 619947D018E745CA00991D0E /* PBXContainerItemProxy */;
		};
/* End PBXTargetDependency section */

/* Begin PBXVariantGroup section */
		619947BC18E745CA00991D0E /* InfoPlist.strings */ = {
			isa = PBXVariantGroup;
			children = (
				619947BD18E745CA00991D0E /* en */,
			);
			name = InfoPlist.strings;
			sourceTree = "<group>";
		};
		619947D518E745CA00991D0E /* InfoPlist.strings */ = {
			isa = PBXVariantGroup;
			children = (
				619947D618E745CA00991D0E /* en */,
			);
			name = InfoPlist.strings;
			sourceTree = "<group>";
		};
/* End PBXVariantGroup section */

/* Begin XCBuildConfiguration section */
		619947DA18E745CA00991D0E /* Debug */ = {
			isa = XCBuildConfiguration;
			buildSettings = {
				ALWAYS_SEARCH_USER_PATHS = NO;
				CLANG_CXX_LANGUAGE_STANDARD = "gnu++0x";
				CLANG_CXX_LIBRARY = "libc++";
				CLANG_ENABLE_MODULES = YES;
				CLANG_ENABLE_OBJC_ARC = YES;
				CLANG_WARN_BOOL_CONVERSION = YES;
				CLANG_WARN_CONSTANT_CONVERSION = YES;
				CLANG_WARN_DIRECT_OBJC_ISA_USAGE = YES_ERROR;
				CLANG_WARN_EMPTY_BODY = YES;
				CLANG_WARN_ENUM_CONVERSION = YES;
				CLANG_WARN_INT_CONVERSION = YES;
				CLANG_WARN_OBJC_ROOT_CLASS = YES_ERROR;
				CLANG_WARN__DUPLICATE_METHOD_MATCH = YES;
				"CODE_SIGN_IDENTITY[sdk=iphoneos*]" = "iPhone Developer";
				COPY_PHASE_STRIP = NO;
				GCC_C_LANGUAGE_STANDARD = gnu99;
				GCC_DYNAMIC_NO_PIC = NO;
				GCC_OPTIMIZATION_LEVEL = 0;
				GCC_PREPROCESSOR_DEFINITIONS = (
					"DEBUG=1",
					"$(inherited)",
				);
				GCC_SYMBOLS_PRIVATE_EXTERN = NO;
				GCC_WARN_64_TO_32_BIT_CONVERSION = YES;
				GCC_WARN_ABOUT_RETURN_TYPE = YES_ERROR;
				GCC_WARN_UNDECLARED_SELECTOR = YES;
				GCC_WARN_UNINITIALIZED_AUTOS = YES_AGGRESSIVE;
				GCC_WARN_UNUSED_FUNCTION = YES;
				GCC_WARN_UNUSED_VARIABLE = YES;
				IPHONEOS_DEPLOYMENT_TARGET = 7.1;
				ONLY_ACTIVE_ARCH = YES;
				SDKROOT = iphoneos;
			};
			name = Debug;
		};
		619947DB18E745CA00991D0E /* Release */ = {
			isa = XCBuildConfiguration;
			buildSettings = {
				ALWAYS_SEARCH_USER_PATHS = NO;
				CLANG_CXX_LANGUAGE_STANDARD = "gnu++0x";
				CLANG_CXX_LIBRARY = "libc++";
				CLANG_ENABLE_MODULES = YES;
				CLANG_ENABLE_OBJC_ARC = YES;
				CLANG_WARN_BOOL_CONVERSION = YES;
				CLANG_WARN_CONSTANT_CONVERSION = YES;
				CLANG_WARN_DIRECT_OBJC_ISA_USAGE = YES_ERROR;
				CLANG_WARN_EMPTY_BODY = YES;
				CLANG_WARN_ENUM_CONVERSION = YES;
				CLANG_WARN_INT_CONVERSION = YES;
				CLANG_WARN_OBJC_ROOT_CLASS = YES_ERROR;
				CLANG_WARN__DUPLICATE_METHOD_MATCH = YES;
				"CODE_SIGN_IDENTITY[sdk=iphoneos*]" = "iPhone Developer";
				COPY_PHASE_STRIP = YES;
				ENABLE_NS_ASSERTIONS = NO;
				GCC_C_LANGUAGE_STANDARD = gnu99;
				GCC_WARN_64_TO_32_BIT_CONVERSION = YES;
				GCC_WARN_ABOUT_RETURN_TYPE = YES_ERROR;
				GCC_WARN_UNDECLARED_SELECTOR = YES;
				GCC_WARN_UNINITIALIZED_AUTOS = YES_AGGRESSIVE;
				GCC_WARN_UNUSED_FUNCTION = YES;
				GCC_WARN_UNUSED_VARIABLE = YES;
				IPHONEOS_DEPLOYMENT_TARGET = 7.1;
				SDKROOT = iphoneos;
				VALIDATE_PRODUCT = YES;
			};
			name = Release;
		};
		619947DD18E745CA00991D0E /* Debug */ = {
			isa = XCBuildConfiguration;
			buildSettings = {
				ASSETCATALOG_COMPILER_APPICON_NAME = AppIcon;
				ASSETCATALOG_COMPILER_LAUNCHIMAGE_NAME = LaunchImage;
				GCC_PRECOMPILE_PREFIX_HEADER = YES;
				GCC_PREFIX_HEADER = "JS-Exports-test/JS-Exports-test-Prefix.pch";
				INFOPLIST_FILE = "JS-Exports-test/JS-Exports-test-Info.plist";
				PRODUCT_NAME = "$(TARGET_NAME)";
				WRAPPER_EXTENSION = app;
			};
			name = Debug;
		};
		619947DE18E745CA00991D0E /* Release */ = {
			isa = XCBuildConfiguration;
			buildSettings = {
				ASSETCATALOG_COMPILER_APPICON_NAME = AppIcon;
				ASSETCATALOG_COMPILER_LAUNCHIMAGE_NAME = LaunchImage;
				GCC_PRECOMPILE_PREFIX_HEADER = YES;
				GCC_PREFIX_HEADER = "JS-Exports-test/JS-Exports-test-Prefix.pch";
				INFOPLIST_FILE = "JS-Exports-test/JS-Exports-test-Info.plist";
				PRODUCT_NAME = "$(TARGET_NAME)";
				WRAPPER_EXTENSION = app;
			};
			name = Release;
		};
		619947E018E745CA00991D0E /* Debug */ = {
			isa = XCBuildConfiguration;
			buildSettings = {
				BUNDLE_LOADER = "$(BUILT_PRODUCTS_DIR)/JS-Exports-test.app/JS-Exports-test";
				FRAMEWORK_SEARCH_PATHS = (
					"$(SDKROOT)/Developer/Library/Frameworks",
					"$(inherited)",
					"$(DEVELOPER_FRAMEWORKS_DIR)",
				);
				GCC_PRECOMPILE_PREFIX_HEADER = YES;
				GCC_PREFIX_HEADER = "JS-Exports-test/JS-Exports-test-Prefix.pch";
				GCC_PREPROCESSOR_DEFINITIONS = (
					"DEBUG=1",
					"$(inherited)",
				);
				INFOPLIST_FILE = "JS-Exports-testTests/JS-Exports-testTests-Info.plist";
				PRODUCT_NAME = "$(TARGET_NAME)";
				TEST_HOST = "$(BUNDLE_LOADER)";
				WRAPPER_EXTENSION = xctest;
			};
			name = Debug;
		};
		619947E118E745CA00991D0E /* Release */ = {
			isa = XCBuildConfiguration;
			buildSettings = {
				BUNDLE_LOADER = "$(BUILT_PRODUCTS_DIR)/JS-Exports-test.app/JS-Exports-test";
				FRAMEWORK_SEARCH_PATHS = (
					"$(SDKROOT)/Developer/Library/Frameworks",
					"$(inherited)",
					"$(DEVELOPER_FRAMEWORKS_DIR)",
				);
				GCC_PRECOMPILE_PREFIX_HEADER = YES;
				GCC_PREFIX_HEADER = "JS-Exports-test/JS-Exports-test-Prefix.pch";
				INFOPLIST_FILE = "JS-Exports-testTests/JS-Exports-testTests-Info.plist";
				PRODUCT_NAME = "$(TARGET_NAME)";
				TEST_HOST = "$(BUNDLE_LOADER)";
				WRAPPER_EXTENSION = xctest;
			};
			name = Release;
		};
/* End XCBuildConfiguration section */

/* Begin XCConfigurationList section */
		619947AB18E745CA00991D0E /* Build configuration list for PBXProject "JS-Exports-test" */ = {
			isa = XCConfigurationList;
			buildConfigurations = (
				619947DA18E745CA00991D0E /* Debug */,
				619947DB18E745CA00991D0E /* Release */,
			);
			defaultConfigurationIsVisible = 0;
			defaultConfigurationName = Release;
		};
		619947DC18E745CA00991D0E /* Build configuration list for PBXNativeTarget "JS-Exports-test" */ = {
			isa = XCConfigurationList;
			buildConfigurations = (
				619947DD18E745CA00991D0E /* Debug */,
				619947DE18E745CA00991D0E /* Release */,
			);
			defaultConfigurationIsVisible = 0;
		};
		619947DF18E745CA00991D0E /* Build configuration list for PBXNativeTarget "JS-Exports-testTests" */ = {
			isa = XCConfigurationList;
			buildConfigurations = (
				619947E018E745CA00991D0E /* Debug */,
				619947E118E745CA00991D0E /* Release */,
			);
			defaultConfigurationIsVisible = 0;
		};
/* End XCConfigurationList section */
	};
	rootObject = 619947A818E745CA00991D0E /* Project object */;
}
