// !$*UTF8*$!
{
	archiveVersion = 1;
	classes = {
	};
	objectVersion = 46;
	objects = {

/* Begin PBXBuildFile section */
		2273C789462F43D8B775E5E9 /* libPods.a in Frameworks */ = {isa = PBXBuildFile; fileRef = 102A749FC6A044BBB55DCB39 /* libPods.a */; };
		61911A1918FD4D4700A48923 /* AppDelegate.m in Sources */ = {isa = PBXBuildFile; fileRef = 61911A1718FD4D4700A48923 /* AppDelegate.m */; };
		61911A2418FD4D7000A48923 /* Images.xcassets in Resources */ = {isa = PBXBuildFile; fileRef = 61911A2318FD4D7000A48923 /* Images.xcassets */; };
		619947B418E745CA00991D0E /* Foundation.framework in Frameworks */ = {isa = PBXBuildFile; fileRef = 619947B318E745CA00991D0E /* Foundation.framework */; };
		619947B618E745CA00991D0E /* CoreGraphics.framework in Frameworks */ = {isa = PBXBuildFile; fileRef = 619947B518E745CA00991D0E /* CoreGraphics.framework */; };
		619947B818E745CA00991D0E /* UIKit.framework in Frameworks */ = {isa = PBXBuildFile; fileRef = 619947B718E745CA00991D0E /* UIKit.framework */; };
		619947BE18E745CA00991D0E /* InfoPlist.strings in Resources */ = {isa = PBXBuildFile; fileRef = 619947BC18E745CA00991D0E /* InfoPlist.strings */; };
		619947C018E745CA00991D0E /* main.m in Sources */ = {isa = PBXBuildFile; fileRef = 619947BF18E745CA00991D0E /* main.m */; };
		619947CD18E745CA00991D0E /* XCTest.framework in Frameworks */ = {isa = PBXBuildFile; fileRef = 619947CC18E745CA00991D0E /* XCTest.framework */; };
		619947CE18E745CA00991D0E /* Foundation.framework in Frameworks */ = {isa = PBXBuildFile; fileRef = 619947B318E745CA00991D0E /* Foundation.framework */; };
		619947CF18E745CA00991D0E /* UIKit.framework in Frameworks */ = {isa = PBXBuildFile; fileRef = 619947B718E745CA00991D0E /* UIKit.framework */; };
		619947D718E745CA00991D0E /* InfoPlist.strings in Resources */ = {isa = PBXBuildFile; fileRef = 619947D518E745CA00991D0E /* InfoPlist.strings */; };
		619947D918E745CA00991D0E /* JS_Exports_testTests.m in Sources */ = {isa = PBXBuildFile; fileRef = 619947D818E745CA00991D0E /* JS_Exports_testTests.m */; };
		619947E318E745D200991D0E /* JavaScriptCore.framework in Frameworks */ = {isa = PBXBuildFile; fileRef = 619947E218E745D200991D0E /* JavaScriptCore.framework */; };
		61E55A1718FE3DDA00246936 /* AppContext.m in Sources */ = {isa = PBXBuildFile; fileRef = 61E559F618FE3DDA00246936 /* AppContext.m */; };
		61E55A1818FE3DDA00246936 /* bundle.js in Resources */ = {isa = PBXBuildFile; fileRef = 61E559F818FE3DDA00246936 /* bundle.js */; };
		61E55A1918FE3DDA00246936 /* circles.js in Resources */ = {isa = PBXBuildFile; fileRef = 61E559F918FE3DDA00246936 /* circles.js */; };
		61E55A1A18FE3DDA00246936 /* main.js in Resources */ = {isa = PBXBuildFile; fileRef = 61E559FA18FE3DDA00246936 /* main.js */; };
		61E55A1B18FE3DDA00246936 /* query.js in Resources */ = {isa = PBXBuildFile; fileRef = 61E559FB18FE3DDA00246936 /* query.js */; };
		61E55A1C18FE3DDA00246936 /* ui.js in Resources */ = {isa = PBXBuildFile; fileRef = 61E559FC18FE3DDA00246936 /* ui.js */; };
		61E55A1D18FE3DDA00246936 /* underscore.js in Resources */ = {isa = PBXBuildFile; fileRef = 61E559FD18FE3DDA00246936 /* underscore.js */; };
		61E55A1E18FE3DDA00246936 /* palette.png in Resources */ = {isa = PBXBuildFile; fileRef = 61E55A0018FE3DDA00246936 /* palette.png */; };
		61E55A2118FE3DDA00246936 /* RZButton.m in Sources */ = {isa = PBXBuildFile; fileRef = 61E55A0818FE3DDA00246936 /* RZButton.m */; };
		61E55A2218FE3DDA00246936 /* RZImageView.m in Sources */ = {isa = PBXBuildFile; fileRef = 61E55A0A18FE3DDA00246936 /* RZImageView.m */; };
		61E55A2318FE3DDA00246936 /* RZLabel.m in Sources */ = {isa = PBXBuildFile; fileRef = 61E55A0C18FE3DDA00246936 /* RZLabel.m */; };
		61E55A2518FE3DDA00246936 /* RZView.m in Sources */ = {isa = PBXBuildFile; fileRef = 61E55A1018FE3DDA00246936 /* RZView.m */; };
		61E55A2618FE3DDA00246936 /* RootViewController.m in Sources */ = {isa = PBXBuildFile; fileRef = 61E55A1318FE3DDA00246936 /* RootViewController.m */; };
		61E55A2718FE3DDA00246936 /* Utils.m in Sources */ = {isa = PBXBuildFile; fileRef = 61E55A1618FE3DDA00246936 /* Utils.m */; };
		71EF4DC118FC0A6E0091B269 /* palette.png in Resources */ = {isa = PBXBuildFile; fileRef = 71EF4DC018FC0A6E0091B269 /* palette.png */; };
		71EF4DCD18FD5DB70091B269 /* RZTableView.m in Sources */ = {isa = PBXBuildFile; fileRef = 71EF4DCC18FD5DB70091B269 /* RZTableView.m */; };
		71EF4DD018FE81D40091B269 /* RZTableView.m in Sources */ = {isa = PBXBuildFile; fileRef = 71EF4DCF18FE81D40091B269 /* RZTableView.m */; };
/* End PBXBuildFile section */

/* Begin PBXContainerItemProxy section */
		619947D018E745CA00991D0E /* PBXContainerItemProxy */ = {
			isa = PBXContainerItemProxy;
			containerPortal = 619947A818E745CA00991D0E /* Project object */;
			proxyType = 1;
			remoteGlobalIDString = 619947AF18E745CA00991D0E;
			remoteInfo = "JS-Exports-test";
		};
/* End PBXContainerItemProxy section */

/* Begin PBXFileReference section */
		102A749FC6A044BBB55DCB39 /* libPods.a */ = {isa = PBXFileReference; explicitFileType = archive.ar; includeInIndex = 0; path = libPods.a; sourceTree = BUILT_PRODUCTS_DIR; };
		61911A1618FD4D4700A48923 /* AppDelegate.h */ = {isa = PBXFileReference; fileEncoding = 4; lastKnownFileType = sourcecode.c.h; path = AppDelegate.h; sourceTree = "<group>"; };
		61911A1718FD4D4700A48923 /* AppDelegate.m */ = {isa = PBXFileReference; fileEncoding = 4; lastKnownFileType = sourcecode.c.objc; path = AppDelegate.m; sourceTree = "<group>"; };
		61911A2318FD4D7000A48923 /* Images.xcassets */ = {isa = PBXFileReference; lastKnownFileType = folder.assetcatalog; path = Images.xcassets; sourceTree = "<group>"; };
		619947B018E745CA00991D0E /* JS-Exports-test.app */ = {isa = PBXFileReference; explicitFileType = wrapper.application; includeInIndex = 0; path = "JS-Exports-test.app"; sourceTree = BUILT_PRODUCTS_DIR; };
		619947B318E745CA00991D0E /* Foundation.framework */ = {isa = PBXFileReference; lastKnownFileType = wrapper.framework; name = Foundation.framework; path = System/Library/Frameworks/Foundation.framework; sourceTree = SDKROOT; };
		619947B518E745CA00991D0E /* CoreGraphics.framework */ = {isa = PBXFileReference; lastKnownFileType = wrapper.framework; name = CoreGraphics.framework; path = System/Library/Frameworks/CoreGraphics.framework; sourceTree = SDKROOT; };
		619947B718E745CA00991D0E /* UIKit.framework */ = {isa = PBXFileReference; lastKnownFileType = wrapper.framework; name = UIKit.framework; path = System/Library/Frameworks/UIKit.framework; sourceTree = SDKROOT; };
		619947BB18E745CA00991D0E /* JS-Exports-test-Info.plist */ = {isa = PBXFileReference; lastKnownFileType = text.plist.xml; path = "JS-Exports-test-Info.plist"; sourceTree = "<group>"; };
		619947BD18E745CA00991D0E /* en */ = {isa = PBXFileReference; lastKnownFileType = text.plist.strings; name = en; path = en.lproj/InfoPlist.strings; sourceTree = "<group>"; };
		619947BF18E745CA00991D0E /* main.m */ = {isa = PBXFileReference; lastKnownFileType = sourcecode.c.objc; path = main.m; sourceTree = "<group>"; };
		619947C118E745CA00991D0E /* JS-Exports-test-Prefix.pch */ = {isa = PBXFileReference; lastKnownFileType = sourcecode.c.h; path = "JS-Exports-test-Prefix.pch"; sourceTree = "<group>"; };
		619947CB18E745CA00991D0E /* JS-Exports-testTests.xctest */ = {isa = PBXFileReference; explicitFileType = wrapper.cfbundle; includeInIndex = 0; path = "JS-Exports-testTests.xctest"; sourceTree = BUILT_PRODUCTS_DIR; };
		619947CC18E745CA00991D0E /* XCTest.framework */ = {isa = PBXFileReference; lastKnownFileType = wrapper.framework; name = XCTest.framework; path = Library/Frameworks/XCTest.framework; sourceTree = DEVELOPER_DIR; };
		619947D418E745CA00991D0E /* JS-Exports-testTests-Info.plist */ = {isa = PBXFileReference; lastKnownFileType = text.plist.xml; path = "JS-Exports-testTests-Info.plist"; sourceTree = "<group>"; };
		619947D618E745CA00991D0E /* en */ = {isa = PBXFileReference; lastKnownFileType = text.plist.strings; name = en; path = en.lproj/InfoPlist.strings; sourceTree = "<group>"; };
		619947D818E745CA00991D0E /* JS_Exports_testTests.m */ = {isa = PBXFileReference; lastKnownFileType = sourcecode.c.objc; path = JS_Exports_testTests.m; sourceTree = "<group>"; };
		619947E218E745D200991D0E /* JavaScriptCore.framework */ = {isa = PBXFileReference; lastKnownFileType = wrapper.framework; name = JavaScriptCore.framework; path = System/Library/Frameworks/JavaScriptCore.framework; sourceTree = SDKROOT; };
		61E559F518FE3DDA00246936 /* AppContext.h */ = {isa = PBXFileReference; fileEncoding = 4; lastKnownFileType = sourcecode.c.h; path = AppContext.h; sourceTree = "<group>"; };
		61E559F618FE3DDA00246936 /* AppContext.m */ = {isa = PBXFileReference; fileEncoding = 4; lastKnownFileType = sourcecode.c.objc; path = AppContext.m; sourceTree = "<group>"; };
		61E559F818FE3DDA00246936 /* bundle.js */ = {isa = PBXFileReference; fileEncoding = 4; lastKnownFileType = sourcecode.javascript; path = bundle.js; sourceTree = "<group>"; };
		61E559F918FE3DDA00246936 /* circles.js */ = {isa = PBXFileReference; fileEncoding = 4; lastKnownFileType = sourcecode.javascript; path = circles.js; sourceTree = "<group>"; };
		61E559FA18FE3DDA00246936 /* main.js */ = {isa = PBXFileReference; fileEncoding = 4; lastKnownFileType = sourcecode.javascript; path = main.js; sourceTree = "<group>"; };
		61E559FB18FE3DDA00246936 /* query.js */ = {isa = PBXFileReference; fileEncoding = 4; lastKnownFileType = sourcecode.javascript; path = query.js; sourceTree = "<group>"; };
		61E559FC18FE3DDA00246936 /* ui.js */ = {isa = PBXFileReference; fileEncoding = 4; lastKnownFileType = sourcecode.javascript; path = ui.js; sourceTree = "<group>"; };
		61E559FD18FE3DDA00246936 /* underscore.js */ = {isa = PBXFileReference; fileEncoding = 4; lastKnownFileType = sourcecode.javascript; path = underscore.js; sourceTree = "<group>"; };
		61E55A0018FE3DDA00246936 /* palette.png */ = {isa = PBXFileReference; lastKnownFileType = image.png; path = palette.png; sourceTree = "<group>"; };
		61E55A0718FE3DDA00246936 /* RZButton.h */ = {isa = PBXFileReference; fileEncoding = 4; lastKnownFileType = sourcecode.c.h; path = RZButton.h; sourceTree = "<group>"; };
		61E55A0818FE3DDA00246936 /* RZButton.m */ = {isa = PBXFileReference; fileEncoding = 4; lastKnownFileType = sourcecode.c.objc; path = RZButton.m; sourceTree = "<group>"; };
		61E55A0918FE3DDA00246936 /* RZImageView.h */ = {isa = PBXFileReference; fileEncoding = 4; lastKnownFileType = sourcecode.c.h; path = RZImageView.h; sourceTree = "<group>"; };
		61E55A0A18FE3DDA00246936 /* RZImageView.m */ = {isa = PBXFileReference; fileEncoding = 4; lastKnownFileType = sourcecode.c.objc; path = RZImageView.m; sourceTree = "<group>"; };
		61E55A0B18FE3DDA00246936 /* RZLabel.h */ = {isa = PBXFileReference; fileEncoding = 4; lastKnownFileType = sourcecode.c.h; path = RZLabel.h; sourceTree = "<group>"; };
		61E55A0C18FE3DDA00246936 /* RZLabel.m */ = {isa = PBXFileReference; fileEncoding = 4; lastKnownFileType = sourcecode.c.objc; path = RZLabel.m; sourceTree = "<group>"; };
		61E55A0D18FE3DDA00246936 /* RZScrollView.h */ = {isa = PBXFileReference; fileEncoding = 4; lastKnownFileType = sourcecode.c.h; path = RZScrollView.h; sourceTree = "<group>"; };
		61E55A0E18FE3DDA00246936 /* RZScrollView.m */ = {isa = PBXFileReference; fileEncoding = 4; lastKnownFileType = sourcecode.c.objc; path = RZScrollView.m; sourceTree = "<group>"; };
		61E55A0F18FE3DDA00246936 /* RZView.h */ = {isa = PBXFileReference; fileEncoding = 4; lastKnownFileType = sourcecode.c.h; path = RZView.h; sourceTree = "<group>"; };
		61E55A1018FE3DDA00246936 /* RZView.m */ = {isa = PBXFileReference; fileEncoding = 4; lastKnownFileType = sourcecode.c.objc; path = RZView.m; sourceTree = "<group>"; };
		61E55A1218FE3DDA00246936 /* RootViewController.h */ = {isa = PBXFileReference; fileEncoding = 4; lastKnownFileType = sourcecode.c.h; path = RootViewController.h; sourceTree = "<group>"; };
		61E55A1318FE3DDA00246936 /* RootViewController.m */ = {isa = PBXFileReference; fileEncoding = 4; lastKnownFileType = sourcecode.c.objc; path = RootViewController.m; sourceTree = "<group>"; };
		61E55A1518FE3DDA00246936 /* Utils.h */ = {isa = PBXFileReference; fileEncoding = 4; lastKnownFileType = sourcecode.c.h; path = Utils.h; sourceTree = "<group>"; };
		61E55A1618FE3DDA00246936 /* Utils.m */ = {isa = PBXFileReference; fileEncoding = 4; lastKnownFileType = sourcecode.c.objc; path = Utils.m; sourceTree = "<group>"; };
		71EF4DC018FC0A6E0091B269 /* palette.png */ = {isa = PBXFileReference; lastKnownFileType = image.png; path = palette.png; sourceTree = "<group>"; };
		71EF4DCC18FD5DB70091B269 /* RZTableView.m */ = {isa = PBXFileReference; fileEncoding = 4; lastKnownFileType = sourcecode.c.objc; path = RZTableView.m; sourceTree = "<group>"; };
		71EF4DCE18FE81D40091B269 /* RZTableView.h */ = {isa = PBXFileReference; fileEncoding = 4; lastKnownFileType = sourcecode.c.h; path = RZTableView.h; sourceTree = "<group>"; };
		71EF4DCF18FE81D40091B269 /* RZTableView.m */ = {isa = PBXFileReference; fileEncoding = 4; lastKnownFileType = sourcecode.c.objc; path = RZTableView.m; sourceTree = "<group>"; };
		C2DA551F8BA748F6BC1446DE /* Pods.xcconfig */ = {isa = PBXFileReference; includeInIndex = 1; lastKnownFileType = text.xcconfig; name = Pods.xcconfig; path = Pods/Pods.xcconfig; sourceTree = "<group>"; };
/* End PBXFileReference section */

/* Begin PBXFrameworksBuildPhase section */
		619947AD18E745CA00991D0E /* Frameworks */ = {
			isa = PBXFrameworksBuildPhase;
			buildActionMask = 2147483647;
			files = (
				619947E318E745D200991D0E /* JavaScriptCore.framework in Frameworks */,
				619947B618E745CA00991D0E /* CoreGraphics.framework in Frameworks */,
				619947B818E745CA00991D0E /* UIKit.framework in Frameworks */,
				619947B418E745CA00991D0E /* Foundation.framework in Frameworks */,
				2273C789462F43D8B775E5E9 /* libPods.a in Frameworks */,
			);
			runOnlyForDeploymentPostprocessing = 0;
		};
		619947C818E745CA00991D0E /* Frameworks */ = {
			isa = PBXFrameworksBuildPhase;
			buildActionMask = 2147483647;
			files = (
				619947CD18E745CA00991D0E /* XCTest.framework in Frameworks */,
				619947CF18E745CA00991D0E /* UIKit.framework in Frameworks */,
				619947CE18E745CA00991D0E /* Foundation.framework in Frameworks */,
			);
			runOnlyForDeploymentPostprocessing = 0;
		};
/* End PBXFrameworksBuildPhase section */

/* Begin PBXGroup section */
		619947A718E745CA00991D0E = {
			isa = PBXGroup;
			children = (
				71EF4DBE18FC0A6D0091B269 /* Resources */,
				619947B918E745CA00991D0E /* JS-Exports-test */,
				619947D218E745CA00991D0E /* JS-Exports-testTests */,
				619947B218E745CA00991D0E /* Frameworks */,
				619947B118E745CA00991D0E /* Products */,
				C2DA551F8BA748F6BC1446DE /* Pods.xcconfig */,
			);
			sourceTree = "<group>";
		};
		619947B118E745CA00991D0E /* Products */ = {
			isa = PBXGroup;
			children = (
				619947B018E745CA00991D0E /* JS-Exports-test.app */,
				619947CB18E745CA00991D0E /* JS-Exports-testTests.xctest */,
			);
			name = Products;
			sourceTree = "<group>";
		};
		619947B218E745CA00991D0E /* Frameworks */ = {
			isa = PBXGroup;
			children = (
				619947E218E745D200991D0E /* JavaScriptCore.framework */,
				619947B318E745CA00991D0E /* Foundation.framework */,
				619947B518E745CA00991D0E /* CoreGraphics.framework */,
				619947B718E745CA00991D0E /* UIKit.framework */,
				619947CC18E745CA00991D0E /* XCTest.framework */,
				102A749FC6A044BBB55DCB39 /* libPods.a */,
			);
			name = Frameworks;
			sourceTree = "<group>";
		};
		619947B918E745CA00991D0E /* JS-Exports-test */ = {
			isa = PBXGroup;
			children = (
				61911A1618FD4D4700A48923 /* AppDelegate.h */,
				61911A1718FD4D4700A48923 /* AppDelegate.m */,
				61E559F518FE3DDA00246936 /* AppContext.h */,
				61E559F618FE3DDA00246936 /* AppContext.m */,
				61E559F718FE3DDA00246936 /* js */,
				61E559FE18FE3DDA00246936 /* Resources */,
				61E55A0118FE3DDA00246936 /* RZUI */,
				61E55A1118FE3DDA00246936 /* Screens */,
				61E55A1418FE3DDA00246936 /* Utils */,
				61911A2318FD4D7000A48923 /* Images.xcassets */,
				619947BA18E745CA00991D0E /* Supporting Files */,
			);
			path = "JS-Exports-test";
			sourceTree = "<group>";
		};
		619947BA18E745CA00991D0E /* Supporting Files */ = {
			isa = PBXGroup;
			children = (
				619947BB18E745CA00991D0E /* JS-Exports-test-Info.plist */,
				619947BC18E745CA00991D0E /* InfoPlist.strings */,
				619947BF18E745CA00991D0E /* main.m */,
				619947C118E745CA00991D0E /* JS-Exports-test-Prefix.pch */,
			);
			name = "Supporting Files";
			sourceTree = "<group>";
		};
		619947D218E745CA00991D0E /* JS-Exports-testTests */ = {
			isa = PBXGroup;
			children = (
				619947D818E745CA00991D0E /* JS_Exports_testTests.m */,
				619947D318E745CA00991D0E /* Supporting Files */,
			);
			path = "JS-Exports-testTests";
			sourceTree = "<group>";
		};
		619947D318E745CA00991D0E /* Supporting Files */ = {
			isa = PBXGroup;
			children = (
				619947D418E745CA00991D0E /* JS-Exports-testTests-Info.plist */,
				619947D518E745CA00991D0E /* InfoPlist.strings */,
			);
			name = "Supporting Files";
			sourceTree = "<group>";
		};
		61E559F718FE3DDA00246936 /* js */ = {
			isa = PBXGroup;
			children = (
				61E559F818FE3DDA00246936 /* bundle.js */,
				61E559F918FE3DDA00246936 /* circles.js */,
				61E559FA18FE3DDA00246936 /* main.js */,
				61E559FB18FE3DDA00246936 /* query.js */,
				61E559FC18FE3DDA00246936 /* ui.js */,
				61E559FD18FE3DDA00246936 /* underscore.js */,
			);
			path = js;
			sourceTree = "<group>";
		};
		61E559FE18FE3DDA00246936 /* Resources */ = {
			isa = PBXGroup;
			children = (
				61E559FF18FE3DDA00246936 /* Images */,
			);
			path = Resources;
			sourceTree = "<group>";
		};
		61E559FF18FE3DDA00246936 /* Images */ = {
			isa = PBXGroup;
			children = (
				61E55A0018FE3DDA00246936 /* palette.png */,
			);
			path = Images;
			sourceTree = "<group>";
		};
		61E55A0118FE3DDA00246936 /* RZUI */ = {
			isa = PBXGroup;
			children = (
				71EF4DCE18FE81D40091B269 /* RZTableView.h */,
				71EF4DCF18FE81D40091B269 /* RZTableView.m */,
				61E55A0718FE3DDA00246936 /* RZButton.h */,
				61E55A0818FE3DDA00246936 /* RZButton.m */,
				61E55A0918FE3DDA00246936 /* RZImageView.h */,
				61E55A0A18FE3DDA00246936 /* RZImageView.m */,
				61E55A0B18FE3DDA00246936 /* RZLabel.h */,
				61E55A0C18FE3DDA00246936 /* RZLabel.m */,
				61E55A0D18FE3DDA00246936 /* RZScrollView.h */,
				61E55A0E18FE3DDA00246936 /* RZScrollView.m */,
				61E55A0F18FE3DDA00246936 /* RZView.h */,
				61E55A1018FE3DDA00246936 /* RZView.m */,
			);
			path = RZUI;
			sourceTree = "<group>";
		};
		61E55A1118FE3DDA00246936 /* Screens */ = {
			isa = PBXGroup;
			children = (
				61E55A1218FE3DDA00246936 /* RootViewController.h */,
				61E55A1318FE3DDA00246936 /* RootViewController.m */,
			);
			path = Screens;
			sourceTree = "<group>";
		};
		61E55A1418FE3DDA00246936 /* Utils */ = {
			isa = PBXGroup;
			children = (
				61E55A1518FE3DDA00246936 /* Utils.h */,
				61E55A1618FE3DDA00246936 /* Utils.m */,
			);
			path = Utils;
			sourceTree = "<group>";
		};
		71EF4DBE18FC0A6D0091B269 /* Resources */ = {
			isa = PBXGroup;
			children = (
				71EF4DBF18FC0A6E0091B269 /* Images */,
			);
			name = Resources;
			path = "JS-Exports-test/Resources";
			sourceTree = "<group>";
		};
		71EF4DBF18FC0A6E0091B269 /* Images */ = {
			isa = PBXGroup;
			children = (
				71EF4DC018FC0A6E0091B269 /* palette.png */,
			);
			path = Images;
			sourceTree = "<group>";
		};
/* End PBXGroup section */

/* Begin PBXNativeTarget section */
		619947AF18E745CA00991D0E /* JS-Exports-test */ = {
			isa = PBXNativeTarget;
			buildConfigurationList = 619947DC18E745CA00991D0E /* Build configuration list for PBXNativeTarget "JS-Exports-test" */;
			buildPhases = (
				B7C0E9778F364483AEA6A879 /* Check Pods Manifest.lock */,
				619947AC18E745CA00991D0E /* Sources */,
				619947AD18E745CA00991D0E /* Frameworks */,
				619947AE18E745CA00991D0E /* Resources */,
				5A7070CD28754CE8A9E14C6E /* Copy Pods Resources */,
			);
			buildRules = (
			);
			dependencies = (
			);
			name = "JS-Exports-test";
			productName = "JS-Exports-test";
			productReference = 619947B018E745CA00991D0E /* JS-Exports-test.app */;
			productType = "com.apple.product-type.application";
		};
		619947CA18E745CA00991D0E /* JS-Exports-testTests */ = {
			isa = PBXNativeTarget;
			buildConfigurationList = 619947DF18E745CA00991D0E /* Build configuration list for PBXNativeTarget "JS-Exports-testTests" */;
			buildPhases = (
				619947C718E745CA00991D0E /* Sources */,
				619947C818E745CA00991D0E /* Frameworks */,
				619947C918E745CA00991D0E /* Resources */,
			);
			buildRules = (
			);
			dependencies = (
				619947D118E745CA00991D0E /* PBXTargetDependency */,
			);
			name = "JS-Exports-testTests";
			productName = "JS-Exports-testTests";
			productReference = 619947CB18E745CA00991D0E /* JS-Exports-testTests.xctest */;
			productType = "com.apple.product-type.bundle.unit-test";
		};
/* End PBXNativeTarget section */

/* Begin PBXProject section */
		619947A818E745CA00991D0E /* Project object */ = {
			isa = PBXProject;
			attributes = {
				LastUpgradeCheck = 0510;
				ORGANIZATIONNAME = Razorthink;
				TargetAttributes = {
					619947AF18E745CA00991D0E = {
						DevelopmentTeam = W49JG3BDE3;
					};
					619947CA18E745CA00991D0E = {
						TestTargetID = 619947AF18E745CA00991D0E;
					};
				};
			};
			buildConfigurationList = 619947AB18E745CA00991D0E /* Build configuration list for PBXProject "JS-Exports-test" */;
			compatibilityVersion = "Xcode 3.2";
			developmentRegion = English;
			hasScannedForEncodings = 0;
			knownRegions = (
				en,
			);
			mainGroup = 619947A718E745CA00991D0E;
			productRefGroup = 619947B118E745CA00991D0E /* Products */;
			projectDirPath = "";
			projectRoot = "";
			targets = (
				619947AF18E745CA00991D0E /* JS-Exports-test */,
				619947CA18E745CA00991D0E /* JS-Exports-testTests */,
			);
		};
/* End PBXProject section */

/* Begin PBXResourcesBuildPhase section */
		619947AE18E745CA00991D0E /* Resources */ = {
			isa = PBXResourcesBuildPhase;
			buildActionMask = 2147483647;
			files = (
				61E55A1E18FE3DDA00246936 /* palette.png in Resources */,
				61E55A1B18FE3DDA00246936 /* query.js in Resources */,
				61E55A1D18FE3DDA00246936 /* underscore.js in Resources */,
				61E55A1918FE3DDA00246936 /* circles.js in Resources */,
				61E55A1818FE3DDA00246936 /* bundle.js in Resources */,
				61E55A1A18FE3DDA00246936 /* main.js in Resources */,
				61E55A1C18FE3DDA00246936 /* ui.js in Resources */,
				619947BE18E745CA00991D0E /* InfoPlist.strings in Resources */,
				61911A2418FD4D7000A48923 /* Images.xcassets in Resources */,
				71EF4DC118FC0A6E0091B269 /* palette.png in Resources */,
			);
			runOnlyForDeploymentPostprocessing = 0;
		};
		619947C918E745CA00991D0E /* Resources */ = {
			isa = PBXResourcesBuildPhase;
			buildActionMask = 2147483647;
			files = (
				619947D718E745CA00991D0E /* InfoPlist.strings in Resources */,
			);
			runOnlyForDeploymentPostprocessing = 0;
		};
/* End PBXResourcesBuildPhase section */

/* Begin PBXShellScriptBuildPhase section */
		5A7070CD28754CE8A9E14C6E /* Copy Pods Resources */ = {
			isa = PBXShellScriptBuildPhase;
			buildActionMask = 2147483647;
			files = (
			);
			inputPaths = (
			);
			name = "Copy Pods Resources";
			outputPaths = (
			);
			runOnlyForDeploymentPostprocessing = 0;
			shellPath = /bin/sh;
			shellScript = "\"${SRCROOT}/Pods/Pods-resources.sh\"\n";
			showEnvVarsInLog = 0;
		};
		B7C0E9778F364483AEA6A879 /* Check Pods Manifest.lock */ = {
			isa = PBXShellScriptBuildPhase;
			buildActionMask = 2147483647;
			files = (
			);
			inputPaths = (
			);
			name = "Check Pods Manifest.lock";
			outputPaths = (
			);
			runOnlyForDeploymentPostprocessing = 0;
			shellPath = /bin/sh;
			shellScript = "diff \"${PODS_ROOT}/../Podfile.lock\" \"${PODS_ROOT}/Manifest.lock\" > /dev/null\nif [[ $? != 0 ]] ; then\n    cat << EOM\nerror: The sandbox is not in sync with the Podfile.lock. Run 'pod install' or update your CocoaPods installation.\nEOM\n    exit 1\nfi\n";
			showEnvVarsInLog = 0;
		};
/* End PBXShellScriptBuildPhase section */

/* Begin PBXSourcesBuildPhase section */
		619947AC18E745CA00991D0E /* Sources */ = {
			isa = PBXSourcesBuildPhase;
			buildActionMask = 2147483647;
			files = (
				61E55A2218FE3DDA00246936 /* RZImageView.m in Sources */,
				61E55A2518FE3DDA00246936 /* RZView.m in Sources */,
				61E55A2318FE3DDA00246936 /* RZLabel.m in Sources */,
				61E55A1718FE3DDA00246936 /* AppContext.m in Sources */,
				61E55A2718FE3DDA00246936 /* Utils.m in Sources */,
				61E55A2118FE3DDA00246936 /* RZButton.m in Sources */,
				71EF4DD018FE81D40091B269 /* RZTableView.m in Sources */,
				61E55A2618FE3DDA00246936 /* RootViewController.m in Sources */,
				619947C018E745CA00991D0E /* main.m in Sources */,
				61911A1918FD4D4700A48923 /* AppDelegate.m in Sources */,
				71EF4DCD18FD5DB70091B269 /* RZTableView.m in Sources */,
			);
			runOnlyForDeploymentPostprocessing = 0;
		};
		619947C718E745CA00991D0E /* Sources */ = {
			isa = PBXSourcesBuildPhase;
			buildActionMask = 2147483647;
			files = (
				619947D918E745CA00991D0E /* JS_Exports_testTests.m in Sources */,
			);
			runOnlyForDeploymentPostprocessing = 0;
		};
/* End PBXSourcesBuildPhase section */

/* Begin PBXTargetDependency section */
		619947D118E745CA00991D0E /* PBXTargetDependency */ = {
			isa = PBXTargetDependency;
			target = 619947AF18E745CA00991D0E /* JS-Exports-test */;
			targetProxy = 619947D018E745CA00991D0E /* PBXContainerItemProxy */;
		};
/* End PBXTargetDependency section */

/* Begin PBXVariantGroup section */
		619947BC18E745CA00991D0E /* InfoPlist.strings */ = {
			isa = PBXVariantGroup;
			children = (
				619947BD18E745CA00991D0E /* en */,
			);
			name = InfoPlist.strings;
			sourceTree = "<group>";
		};
		619947D518E745CA00991D0E /* InfoPlist.strings */ = {
			isa = PBXVariantGroup;
			children = (
				619947D618E745CA00991D0E /* en */,
			);
			name = InfoPlist.strings;
			sourceTree = "<group>";
		};
/* End PBXVariantGroup section */

/* Begin XCBuildConfiguration section */
		619947DA18E745CA00991D0E /* Debug */ = {
			isa = XCBuildConfiguration;
			buildSettings = {
				ALWAYS_SEARCH_USER_PATHS = NO;
				CLANG_CXX_LANGUAGE_STANDARD = "gnu++0x";
				CLANG_CXX_LIBRARY = "libc++";
				CLANG_ENABLE_MODULES = YES;
				CLANG_ENABLE_OBJC_ARC = YES;
				CLANG_WARN_BOOL_CONVERSION = YES;
				CLANG_WARN_CONSTANT_CONVERSION = YES;
				CLANG_WARN_DIRECT_OBJC_ISA_USAGE = YES_ERROR;
				CLANG_WARN_EMPTY_BODY = YES;
				CLANG_WARN_ENUM_CONVERSION = YES;
				CLANG_WARN_INT_CONVERSION = YES;
				CLANG_WARN_OBJC_ROOT_CLASS = YES_ERROR;
				CLANG_WARN__DUPLICATE_METHOD_MATCH = YES;
				"CODE_SIGN_IDENTITY[sdk=iphoneos*]" = "iPhone Developer";
				COPY_PHASE_STRIP = NO;
				GCC_C_LANGUAGE_STANDARD = gnu99;
				GCC_DYNAMIC_NO_PIC = NO;
				GCC_OPTIMIZATION_LEVEL = 0;
				GCC_PREPROCESSOR_DEFINITIONS = (
					"DEBUG=1",
					"$(inherited)",
				);
				GCC_SYMBOLS_PRIVATE_EXTERN = NO;
				GCC_WARN_64_TO_32_BIT_CONVERSION = YES;
				GCC_WARN_ABOUT_RETURN_TYPE = YES_ERROR;
				GCC_WARN_UNDECLARED_SELECTOR = YES;
				GCC_WARN_UNINITIALIZED_AUTOS = YES_AGGRESSIVE;
				GCC_WARN_UNUSED_FUNCTION = YES;
				GCC_WARN_UNUSED_VARIABLE = YES;
				IPHONEOS_DEPLOYMENT_TARGET = 7.1;
				ONLY_ACTIVE_ARCH = YES;
				SDKROOT = iphoneos;
			};
			name = Debug;
		};
		619947DB18E745CA00991D0E /* Release */ = {
			isa = XCBuildConfiguration;
			buildSettings = {
				ALWAYS_SEARCH_USER_PATHS = NO;
				CLANG_CXX_LANGUAGE_STANDARD = "gnu++0x";
				CLANG_CXX_LIBRARY = "libc++";
				CLANG_ENABLE_MODULES = YES;
				CLANG_ENABLE_OBJC_ARC = YES;
				CLANG_WARN_BOOL_CONVERSION = YES;
				CLANG_WARN_CONSTANT_CONVERSION = YES;
				CLANG_WARN_DIRECT_OBJC_ISA_USAGE = YES_ERROR;
				CLANG_WARN_EMPTY_BODY = YES;
				CLANG_WARN_ENUM_CONVERSION = YES;
				CLANG_WARN_INT_CONVERSION = YES;
				CLANG_WARN_OBJC_ROOT_CLASS = YES_ERROR;
				CLANG_WARN__DUPLICATE_METHOD_MATCH = YES;
				"CODE_SIGN_IDENTITY[sdk=iphoneos*]" = "iPhone Developer";
				COPY_PHASE_STRIP = YES;
				ENABLE_NS_ASSERTIONS = NO;
				GCC_C_LANGUAGE_STANDARD = gnu99;
				GCC_WARN_64_TO_32_BIT_CONVERSION = YES;
				GCC_WARN_ABOUT_RETURN_TYPE = YES_ERROR;
				GCC_WARN_UNDECLARED_SELECTOR = YES;
				GCC_WARN_UNINITIALIZED_AUTOS = YES_AGGRESSIVE;
				GCC_WARN_UNUSED_FUNCTION = YES;
				GCC_WARN_UNUSED_VARIABLE = YES;
				IPHONEOS_DEPLOYMENT_TARGET = 7.1;
				SDKROOT = iphoneos;
				VALIDATE_PRODUCT = YES;
			};
			name = Release;
		};
		619947DD18E745CA00991D0E /* Debug */ = {
			isa = XCBuildConfiguration;
			baseConfigurationReference = C2DA551F8BA748F6BC1446DE /* Pods.xcconfig */;
			buildSettings = {
				ASSETCATALOG_COMPILER_APPICON_NAME = AppIcon;
				ASSETCATALOG_COMPILER_LAUNCHIMAGE_NAME = LaunchImage;
				CODE_SIGN_IDENTITY = "iPhone Developer";
				"CODE_SIGN_IDENTITY[sdk=iphoneos*]" = "iPhone Developer";
				GCC_PRECOMPILE_PREFIX_HEADER = YES;
				GCC_PREFIX_HEADER = "JS-Exports-test/JS-Exports-test-Prefix.pch";
				INFOPLIST_FILE = "JS-Exports-test/JS-Exports-test-Info.plist";
				PRODUCT_NAME = "$(TARGET_NAME)";
				PROVISIONING_PROFILE = "";
				WRAPPER_EXTENSION = app;
			};
			name = Debug;
		};
		619947DE18E745CA00991D0E /* Release */ = {
			isa = XCBuildConfiguration;
			baseConfigurationReference = C2DA551F8BA748F6BC1446DE /* Pods.xcconfig */;
			buildSettings = {
				ASSETCATALOG_COMPILER_APPICON_NAME = AppIcon;
				ASSETCATALOG_COMPILER_LAUNCHIMAGE_NAME = LaunchImage;
				CODE_SIGN_IDENTITY = "iPhone Developer";
				"CODE_SIGN_IDENTITY[sdk=iphoneos*]" = "iPhone Developer";
				GCC_PRECOMPILE_PREFIX_HEADER = YES;
				GCC_PREFIX_HEADER = "JS-Exports-test/JS-Exports-test-Prefix.pch";
				INFOPLIST_FILE = "JS-Exports-test/JS-Exports-test-Info.plist";
				PRODUCT_NAME = "$(TARGET_NAME)";
				PROVISIONING_PROFILE = "";
				WRAPPER_EXTENSION = app;
			};
			name = Release;
		};
		619947E018E745CA00991D0E /* Debug */ = {
			isa = XCBuildConfiguration;
			buildSettings = {
				BUNDLE_LOADER = "$(BUILT_PRODUCTS_DIR)/JS-Exports-test.app/JS-Exports-test";
				FRAMEWORK_SEARCH_PATHS = (
					"$(SDKROOT)/Developer/Library/Frameworks",
					"$(inherited)",
					"$(DEVELOPER_FRAMEWORKS_DIR)",
				);
				GCC_PRECOMPILE_PREFIX_HEADER = YES;
				GCC_PREFIX_HEADER = "JS-Exports-test/JS-Exports-test-Prefix.pch";
				GCC_PREPROCESSOR_DEFINITIONS = (
					"DEBUG=1",
					"$(inherited)",
				);
				INFOPLIST_FILE = "JS-Exports-testTests/JS-Exports-testTests-Info.plist";
				PRODUCT_NAME = "$(TARGET_NAME)";
				TEST_HOST = "$(BUNDLE_LOADER)";
				WRAPPER_EXTENSION = xctest;
			};
			name = Debug;
		};
		619947E118E745CA00991D0E /* Release */ = {
			isa = XCBuildConfiguration;
			buildSettings = {
				BUNDLE_LOADER = "$(BUILT_PRODUCTS_DIR)/JS-Exports-test.app/JS-Exports-test";
				FRAMEWORK_SEARCH_PATHS = (
					"$(SDKROOT)/Developer/Library/Frameworks",
					"$(inherited)",
					"$(DEVELOPER_FRAMEWORKS_DIR)",
				);
				GCC_PRECOMPILE_PREFIX_HEADER = YES;
				GCC_PREFIX_HEADER = "JS-Exports-test/JS-Exports-test-Prefix.pch";
				INFOPLIST_FILE = "JS-Exports-testTests/JS-Exports-testTests-Info.plist";
				PRODUCT_NAME = "$(TARGET_NAME)";
				TEST_HOST = "$(BUNDLE_LOADER)";
				WRAPPER_EXTENSION = xctest;
			};
			name = Release;
		};
/* End XCBuildConfiguration section */

/* Begin XCConfigurationList section */
		619947AB18E745CA00991D0E /* Build configuration list for PBXProject "JS-Exports-test" */ = {
			isa = XCConfigurationList;
			buildConfigurations = (
				619947DA18E745CA00991D0E /* Debug */,
				619947DB18E745CA00991D0E /* Release */,
			);
			defaultConfigurationIsVisible = 0;
			defaultConfigurationName = Release;
		};
		619947DC18E745CA00991D0E /* Build configuration list for PBXNativeTarget "JS-Exports-test" */ = {
			isa = XCConfigurationList;
			buildConfigurations = (
				619947DD18E745CA00991D0E /* Debug */,
				619947DE18E745CA00991D0E /* Release */,
			);
			defaultConfigurationIsVisible = 0;
			defaultConfigurationName = Release;
		};
		619947DF18E745CA00991D0E /* Build configuration list for PBXNativeTarget "JS-Exports-testTests" */ = {
			isa = XCConfigurationList;
			buildConfigurations = (
				619947E018E745CA00991D0E /* Debug */,
				619947E118E745CA00991D0E /* Release */,
			);
			defaultConfigurationIsVisible = 0;
			defaultConfigurationName = Release;
		};
/* End XCConfigurationList section */
	};
	rootObject = 619947A818E745CA00991D0E /* Project object */;
}
